
Microsoft Visual Studio Solution File, Format Version 12.00
# Visual Studio Version 17
VisualStudioVersion = 17.5.33424.131
MinimumVisualStudioVersion = 10.0.40219.1
Project("{FAE04EC0-301F-11D3-BF4B-00C04F79EFBC}") = "SQLWithCSharp", "SQLWithCSharp\SQLWithCSharp.csproj", "{40455118-3445-4F7E-B1AD-84F4CC4310F8}"
EndProject
Global
	GlobalSection(SolutionConfigurationPlatforms) = preSolution
		Debug|Any CPU = Debug|Any CPU
		Release|Any CPU = Release|Any CPU
	EndGlobalSection
	GlobalSection(ProjectConfigurationPlatforms) = postSolution
		{40455118-3445-4F7E-B1AD-84F4CC4310F8}.Debug|Any CPU.ActiveCfg = Debug|Any CPU
		{40455118-3445-4F7E-B1AD-84F4CC4310F8}.Debug|Any CPU.Build.0 = Debug|Any CPU
		{40455118-3445-4F7E-B1AD-84F4CC4310F8}.Release|Any CPU.ActiveCfg = Release|Any CPU
		{40455118-3445-4F7E-B1AD-84F4CC4310F8}.Release|Any CPU.Build.0 = Release|Any CPU
	EndGlobalSection
	GlobalSection(SolutionProperties) = preSolution
		HideSolutionNode = FALSE
	EndGlobalSection
	GlobalSection(ExtensibilityGlobals) = postSolution
		SolutionGuid = {E46490C0-0AA3-4248-B579-9BAF52BB0E76}
	EndGlobalSection
EndGlobal
