
Microsoft Visual Studio Solution File, Format Version 12.00
# Visual Studio Version 17
VisualStudioVersion = 17.5.33424.131
MinimumVisualStudioVersion = 10.0.40219.1
Project("{FAE04EC0-301F-11D3-BF4B-00C04F79EFBC}") = "LAB1_UnitTests", "LAB1_UnitTests\LAB1_UnitTests.csproj", "{C7499632-F013-4236-9208-1EECAB93B04E}"
EndProject
Project("{FAE04EC0-301F-11D3-BF4B-00C04F79EFBC}") = "Classification_Tests", "Classification_Tests\Classification_Tests.csproj", "{1032434A-74BD-4DFE-8470-EAF5A86BC5CC}"
EndProject
Global
	GlobalSection(SolutionConfigurationPlatforms) = preSolution
		Debug|Any CPU = Debug|Any CPU
		Release|Any CPU = Release|Any CPU
	EndGlobalSection
	GlobalSection(ProjectConfigurationPlatforms) = postSolution
		{C7499632-F013-4236-9208-1EECAB93B04E}.Debug|Any CPU.ActiveCfg = Debug|Any CPU
		{C7499632-F013-4236-9208-1EECAB93B04E}.Debug|Any CPU.Build.0 = Debug|Any CPU
		{C7499632-F013-4236-9208-1EECAB93B04E}.Release|Any CPU.ActiveCfg = Release|Any CPU
		{C7499632-F013-4236-9208-1EECAB93B04E}.Release|Any CPU.Build.0 = Release|Any CPU
		{1032434A-74BD-4DFE-8470-EAF5A86BC5CC}.Debug|Any CPU.ActiveCfg = Debug|Any CPU
		{1032434A-74BD-4DFE-8470-EAF5A86BC5CC}.Debug|Any CPU.Build.0 = Debug|Any CPU
		{1032434A-74BD-4DFE-8470-EAF5A86BC5CC}.Release|Any CPU.ActiveCfg = Release|Any CPU
		{1032434A-74BD-4DFE-8470-EAF5A86BC5CC}.Release|Any CPU.Build.0 = Release|Any CPU
	EndGlobalSection
	GlobalSection(SolutionProperties) = preSolution
		HideSolutionNode = FALSE
	EndGlobalSection
	GlobalSection(ExtensibilityGlobals) = postSolution
		SolutionGuid = {F9B419A0-5922-4A59-9C11-003E8601CAEA}
	EndGlobalSection
EndGlobal
