
Microsoft Visual Studio Solution File, Format Version 12.00
# Visual Studio Version 17
VisualStudioVersion = 17.5.33424.131
MinimumVisualStudioVersion = 10.0.40219.1
Project("{9A19103F-16F7-4668-BE54-9A1E7A4F7556}") = "OperatorsAndControlFlow", "OperatorsAndControlFlow\OperatorsAndControlFlow.csproj", "{60480D71-C72A-4F52-8D9B-89A40C5CC0C4}"
EndProject
Project("{9A19103F-16F7-4668-BE54-9A1E7A4F7556}") = "LoopExamples", "LoopExamples\LoopExamples.csproj", "{3C76390C-A2BA-4503-87CB-390DF3C6244E}"
EndProject
Project("{FAE04EC0-301F-11D3-BF4B-00C04F79EFBC}") = "ExceptionsTests", "ExceptionsTests\ExceptionsTests.csproj", "{F84FFDEC-286E-4AED-A7CD-422DC8FF2F9E}"
EndProject
Global
	GlobalSection(SolutionConfigurationPlatforms) = preSolution
		Debug|Any CPU = Debug|Any CPU
		Release|Any CPU = Release|Any CPU
	EndGlobalSection
	GlobalSection(ProjectConfigurationPlatforms) = postSolution
		{60480D71-C72A-4F52-8D9B-89A40C5CC0C4}.Debug|Any CPU.ActiveCfg = Debug|Any CPU
		{60480D71-C72A-4F52-8D9B-89A40C5CC0C4}.Debug|Any CPU.Build.0 = Debug|Any CPU
		{60480D71-C72A-4F52-8D9B-89A40C5CC0C4}.Release|Any CPU.ActiveCfg = Release|Any CPU
		{60480D71-C72A-4F52-8D9B-89A40C5CC0C4}.Release|Any CPU.Build.0 = Release|Any CPU
		{3C76390C-A2BA-4503-87CB-390DF3C6244E}.Debug|Any CPU.ActiveCfg = Debug|Any CPU
		{3C76390C-A2BA-4503-87CB-390DF3C6244E}.Debug|Any CPU.Build.0 = Debug|Any CPU
		{3C76390C-A2BA-4503-87CB-390DF3C6244E}.Release|Any CPU.ActiveCfg = Release|Any CPU
		{3C76390C-A2BA-4503-87CB-390DF3C6244E}.Release|Any CPU.Build.0 = Release|Any CPU
		{F84FFDEC-286E-4AED-A7CD-422DC8FF2F9E}.Debug|Any CPU.ActiveCfg = Debug|Any CPU
		{F84FFDEC-286E-4AED-A7CD-422DC8FF2F9E}.Debug|Any CPU.Build.0 = Debug|Any CPU
		{F84FFDEC-286E-4AED-A7CD-422DC8FF2F9E}.Release|Any CPU.ActiveCfg = Release|Any CPU
		{F84FFDEC-286E-4AED-A7CD-422DC8FF2F9E}.Release|Any CPU.Build.0 = Release|Any CPU
	EndGlobalSection
	GlobalSection(SolutionProperties) = preSolution
		HideSolutionNode = FALSE
	EndGlobalSection
	GlobalSection(ExtensibilityGlobals) = postSolution
		SolutionGuid = {3478C9CA-3E83-45A7-9267-057EE4FC0FFC}
	EndGlobalSection
EndGlobal
